// !$*UTF8*$!
{
	archiveVersion = 1;
	classes = {
	};
	objectVersion = 50;
	objects = {

/* Begin PBXBuildFile section */
		F1022E7126598BC600E1DCC5 /* KlichLike.swift in Sources */ = {isa = PBXBuildFile; fileRef = F1022E7026598BC600E1DCC5 /* KlichLike.swift */; };
		F14079322658EE1800BB3F8F /* AppDelegate.swift in Sources */ = {isa = PBXBuildFile; fileRef = F14079312658EE1800BB3F8F /* AppDelegate.swift */; };
		F14079342658EE1800BB3F8F /* SceneDelegate.swift in Sources */ = {isa = PBXBuildFile; fileRef = F14079332658EE1800BB3F8F /* SceneDelegate.swift */; };
		F14079362658EE1800BB3F8F /* ContentView.swift in Sources */ = {isa = PBXBuildFile; fileRef = F14079352658EE1800BB3F8F /* ContentView.swift */; };
		F14079382658EE1900BB3F8F /* Assets.xcassets in Resources */ = {isa = PBXBuildFile; fileRef = F14079372658EE1900BB3F8F /* Assets.xcassets */; };
		F140793B2658EE1900BB3F8F /* Preview Assets.xcassets in Resources */ = {isa = PBXBuildFile; fileRef = F140793A2658EE1900BB3F8F /* Preview Assets.xcassets */; };
		F140793E2658EE1900BB3F8F /* LaunchScreen.storyboard in Resources */ = {isa = PBXBuildFile; fileRef = F140793C2658EE1900BB3F8F /* LaunchScreen.storyboard */; };
		F14079462658FCCC00BB3F8F /* LoginView.swift in Sources */ = {isa = PBXBuildFile; fileRef = F14079452658FCCC00BB3F8F /* LoginView.swift */; };
		F14079492658FCF700BB3F8F /* KlichAPI.swift in Sources */ = {isa = PBXBuildFile; fileRef = F14079482658FCF700BB3F8F /* KlichAPI.swift */; };
		F140794B2658FD6000BB3F8F /* NetworkManager.swift in Sources */ = {isa = PBXBuildFile; fileRef = F140794A2658FD6000BB3F8F /* NetworkManager.swift */; };
		F140794D2658FD7000BB3F8F /* Models.swift in Sources */ = {isa = PBXBuildFile; fileRef = F140794C2658FD7000BB3F8F /* Models.swift */; };
		F14079502658FE3400BB3F8F /* Colors.swift in Sources */ = {isa = PBXBuildFile; fileRef = F140794F2658FE3400BB3F8F /* Colors.swift */; };
		F14079542659112B00BB3F8F /* UDManager.swift in Sources */ = {isa = PBXBuildFile; fileRef = F14079532659112B00BB3F8F /* UDManager.swift */; };
		F1407959265918E900BB3F8F /* ProfileView.swift in Sources */ = {isa = PBXBuildFile; fileRef = F1407958265918E900BB3F8F /* ProfileView.swift */; };
		F1D40DDF265978DA006A7A59 /* SubmitView.swift in Sources */ = {isa = PBXBuildFile; fileRef = F1D40DDE265978DA006A7A59 /* SubmitView.swift */; };
/* End PBXBuildFile section */

/* Begin PBXFileReference section */
		F1022E7026598BC600E1DCC5 /* KlichLike.swift */ = {isa = PBXFileReference; lastKnownFileType = sourcecode.swift; path = KlichLike.swift; sourceTree = "<group>"; };
		F140792E2658EE1800BB3F8F /* Klich.app */ = {isa = PBXFileReference; explicitFileType = wrapper.application; includeInIndex = 0; path = Klich.app; sourceTree = BUILT_PRODUCTS_DIR; };
		F14079312658EE1800BB3F8F /* AppDelegate.swift */ = {isa = PBXFileReference; lastKnownFileType = sourcecode.swift; path = AppDelegate.swift; sourceTree = "<group>"; };
		F14079332658EE1800BB3F8F /* SceneDelegate.swift */ = {isa = PBXFileReference; lastKnownFileType = sourcecode.swift; path = SceneDelegate.swift; sourceTree = "<group>"; };
		F14079352658EE1800BB3F8F /* ContentView.swift */ = {isa = PBXFileReference; lastKnownFileType = sourcecode.swift; path = ContentView.swift; sourceTree = "<group>"; };
		F14079372658EE1900BB3F8F /* Assets.xcassets */ = {isa = PBXFileReference; lastKnownFileType = folder.assetcatalog; path = Assets.xcassets; sourceTree = "<group>"; };
		F140793A2658EE1900BB3F8F /* Preview Assets.xcassets */ = {isa = PBXFileReference; lastKnownFileType = folder.assetcatalog; path = "Preview Assets.xcassets"; sourceTree = "<group>"; };
		F140793D2658EE1900BB3F8F /* Base */ = {isa = PBXFileReference; lastKnownFileType = file.storyboard; name = Base; path = Base.lproj/LaunchScreen.storyboard; sourceTree = "<group>"; };
		F140793F2658EE1900BB3F8F /* Info.plist */ = {isa = PBXFileReference; lastKnownFileType = text.plist.xml; path = Info.plist; sourceTree = "<group>"; };
		F14079452658FCCC00BB3F8F /* LoginView.swift */ = {isa = PBXFileReference; lastKnownFileType = sourcecode.swift; path = LoginView.swift; sourceTree = "<group>"; };
		F14079482658FCF700BB3F8F /* KlichAPI.swift */ = {isa = PBXFileReference; lastKnownFileType = sourcecode.swift; path = KlichAPI.swift; sourceTree = "<group>"; };
		F140794A2658FD6000BB3F8F /* NetworkManager.swift */ = {isa = PBXFileReference; lastKnownFileType = sourcecode.swift; path = NetworkManager.swift; sourceTree = "<group>"; };
		F140794C2658FD7000BB3F8F /* Models.swift */ = {isa = PBXFileReference; lastKnownFileType = sourcecode.swift; path = Models.swift; sourceTree = "<group>"; };
		F140794F2658FE3400BB3F8F /* Colors.swift */ = {isa = PBXFileReference; lastKnownFileType = sourcecode.swift; path = Colors.swift; sourceTree = "<group>"; };
		F14079532659112B00BB3F8F /* UDManager.swift */ = {isa = PBXFileReference; lastKnownFileType = sourcecode.swift; path = UDManager.swift; sourceTree = "<group>"; };
		F1407958265918E900BB3F8F /* ProfileView.swift */ = {isa = PBXFileReference; lastKnownFileType = sourcecode.swift; path = ProfileView.swift; sourceTree = "<group>"; };
		F1D40DDE265978DA006A7A59 /* SubmitView.swift */ = {isa = PBXFileReference; lastKnownFileType = sourcecode.swift; path = SubmitView.swift; sourceTree = "<group>"; };
/* End PBXFileReference section */

/* Begin PBXFrameworksBuildPhase section */
		F140792B2658EE1800BB3F8F /* Frameworks */ = {
			isa = PBXFrameworksBuildPhase;
			buildActionMask = 2147483647;
			files = (
			);
			runOnlyForDeploymentPostprocessing = 0;
		};
/* End PBXFrameworksBuildPhase section */

/* Begin PBXGroup section */
		F1022E6F26598BAF00E1DCC5 /* Kliches */ = {
			isa = PBXGroup;
			children = (
				F1022E7026598BC600E1DCC5 /* KlichLike.swift */,
			);
			path = Kliches;
			sourceTree = "<group>";
		};
		F14079252658EE1800BB3F8F = {
			isa = PBXGroup;
			children = (
				F14079302658EE1800BB3F8F /* Klich */,
				F140792F2658EE1800BB3F8F /* Products */,
			);
			sourceTree = "<group>";
		};
		F140792F2658EE1800BB3F8F /* Products */ = {
			isa = PBXGroup;
			children = (
				F140792E2658EE1800BB3F8F /* Klich.app */,
			);
			name = Products;
			sourceTree = "<group>";
		};
		F14079302658EE1800BB3F8F /* Klich */ = {
			isa = PBXGroup;
			children = (
				F14079312658EE1800BB3F8F /* AppDelegate.swift */,
				F14079332658EE1800BB3F8F /* SceneDelegate.swift */,
				F1407956265917DA00BB3F8F /* Views */,
				F1407957265918D100BB3F8F /* Utils */,
				F14079372658EE1900BB3F8F /* Assets.xcassets */,
				F140793C2658EE1900BB3F8F /* LaunchScreen.storyboard */,
				F140793F2658EE1900BB3F8F /* Info.plist */,
				F14079392658EE1900BB3F8F /* Preview Content */,
			);
			path = Klich;
			sourceTree = "<group>";
		};
		F14079392658EE1900BB3F8F /* Preview Content */ = {
			isa = PBXGroup;
			children = (
				F140793A2658EE1900BB3F8F /* Preview Assets.xcassets */,
			);
			path = "Preview Content";
			sourceTree = "<group>";
		};
		F14079472658FCE400BB3F8F /* Networking */ = {
			isa = PBXGroup;
			children = (
				F140794A2658FD6000BB3F8F /* NetworkManager.swift */,
				F14079482658FCF700BB3F8F /* KlichAPI.swift */,
				F140794C2658FD7000BB3F8F /* Models.swift */,
			);
			path = Networking;
			sourceTree = "<group>";
		};
		F140794E2658FE2D00BB3F8F /* Styles */ = {
			isa = PBXGroup;
			children = (
				F140794F2658FE3400BB3F8F /* Colors.swift */,
			);
			path = Styles;
			sourceTree = "<group>";
		};
		F140795126590AE900BB3F8F /* Login */ = {
			isa = PBXGroup;
			children = (
				F14079452658FCCC00BB3F8F /* LoginView.swift */,
			);
			path = Login;
			sourceTree = "<group>";
		};
		F14079522659112200BB3F8F /* UD */ = {
			isa = PBXGroup;
			children = (
				F14079532659112B00BB3F8F /* UDManager.swift */,
			);
			path = UD;
			sourceTree = "<group>";
		};
		F1407955265917D600BB3F8F /* Profile */ = {
			isa = PBXGroup;
			children = (
				F1407958265918E900BB3F8F /* ProfileView.swift */,
			);
			path = Profile;
			sourceTree = "<group>";
		};
		F1407956265917DA00BB3F8F /* Views */ = {
			isa = PBXGroup;
			children = (
				F14079352658EE1800BB3F8F /* ContentView.swift */,
				F140795126590AE900BB3F8F /* Login */,
				F1407955265917D600BB3F8F /* Profile */,
				F1D40DDD26597891006A7A59 /* Submit */,
				F1022E6F26598BAF00E1DCC5 /* Kliches */,
			);
			path = Views;
			sourceTree = "<group>";
		};
		F1407957265918D100BB3F8F /* Utils */ = {
			isa = PBXGroup;
			children = (
				F14079472658FCE400BB3F8F /* Networking */,
				F140794E2658FE2D00BB3F8F /* Styles */,
				F14079522659112200BB3F8F /* UD */,
			);
			path = Utils;
			sourceTree = "<group>";
		};
		F1D40DDD26597891006A7A59 /* Submit */ = {
			isa = PBXGroup;
			children = (
				F1D40DDE265978DA006A7A59 /* SubmitView.swift */,
			);
			path = Submit;
			sourceTree = "<group>";
		};
/* End PBXGroup section */

/* Begin PBXNativeTarget section */
		F140792D2658EE1800BB3F8F /* Klich */ = {
			isa = PBXNativeTarget;
			buildConfigurationList = F14079422658EE1900BB3F8F /* Build configuration list for PBXNativeTarget "Klich" */;
			buildPhases = (
				F140792A2658EE1800BB3F8F /* Sources */,
				F140792B2658EE1800BB3F8F /* Frameworks */,
				F140792C2658EE1800BB3F8F /* Resources */,
			);
			buildRules = (
			);
			dependencies = (
			);
			name = Klich;
			productName = Klich;
			productReference = F140792E2658EE1800BB3F8F /* Klich.app */;
			productType = "com.apple.product-type.application";
		};
/* End PBXNativeTarget section */

/* Begin PBXProject section */
		F14079262658EE1800BB3F8F /* Project object */ = {
			isa = PBXProject;
			attributes = {
				LastSwiftUpdateCheck = 1250;
				LastUpgradeCheck = 1250;
				TargetAttributes = {
					F140792D2658EE1800BB3F8F = {
						CreatedOnToolsVersion = 12.5;
					};
				};
			};
			buildConfigurationList = F14079292658EE1800BB3F8F /* Build configuration list for PBXProject "Klich" */;
			compatibilityVersion = "Xcode 9.3";
			developmentRegion = en;
			hasScannedForEncodings = 0;
			knownRegions = (
				en,
				Base,
			);
			mainGroup = F14079252658EE1800BB3F8F;
			productRefGroup = F140792F2658EE1800BB3F8F /* Products */;
			projectDirPath = "";
			projectRoot = "";
			targets = (
				F140792D2658EE1800BB3F8F /* Klich */,
			);
		};
/* End PBXProject section */

/* Begin PBXResourcesBuildPhase section */
		F140792C2658EE1800BB3F8F /* Resources */ = {
			isa = PBXResourcesBuildPhase;
			buildActionMask = 2147483647;
			files = (
				F140793E2658EE1900BB3F8F /* LaunchScreen.storyboard in Resources */,
				F140793B2658EE1900BB3F8F /* Preview Assets.xcassets in Resources */,
				F14079382658EE1900BB3F8F /* Assets.xcassets in Resources */,
			);
			runOnlyForDeploymentPostprocessing = 0;
		};
/* End PBXResourcesBuildPhase section */

/* Begin PBXSourcesBuildPhase section */
		F140792A2658EE1800BB3F8F /* Sources */ = {
			isa = PBXSourcesBuildPhase;
			buildActionMask = 2147483647;
			files = (
				F140794B2658FD6000BB3F8F /* NetworkManager.swift in Sources */,
				F14079502658FE3400BB3F8F /* Colors.swift in Sources */,
				F1407959265918E900BB3F8F /* ProfileView.swift in Sources */,
				F14079322658EE1800BB3F8F /* AppDelegate.swift in Sources */,
				F14079542659112B00BB3F8F /* UDManager.swift in Sources */,
				F14079342658EE1800BB3F8F /* SceneDelegate.swift in Sources */,
				F1022E7126598BC600E1DCC5 /* KlichLike.swift in Sources */,
				F14079492658FCF700BB3F8F /* KlichAPI.swift in Sources */,
				F14079462658FCCC00BB3F8F /* LoginView.swift in Sources */,
				F14079362658EE1800BB3F8F /* ContentView.swift in Sources */,
				F140794D2658FD7000BB3F8F /* Models.swift in Sources */,
				F1D40DDF265978DA006A7A59 /* SubmitView.swift in Sources */,
			);
			runOnlyForDeploymentPostprocessing = 0;
		};
/* End PBXSourcesBuildPhase section */

/* Begin PBXVariantGroup section */
		F140793C2658EE1900BB3F8F /* LaunchScreen.storyboard */ = {
			isa = PBXVariantGroup;
			children = (
				F140793D2658EE1900BB3F8F /* Base */,
			);
			name = LaunchScreen.storyboard;
			sourceTree = "<group>";
		};
/* End PBXVariantGroup section */

/* Begin XCBuildConfiguration section */
		F14079402658EE1900BB3F8F /* Debug */ = {
			isa = XCBuildConfiguration;
			buildSettings = {
				ALWAYS_SEARCH_USER_PATHS = NO;
				CLANG_ANALYZER_NONNULL = YES;
				CLANG_ANALYZER_NUMBER_OBJECT_CONVERSION = YES_AGGRESSIVE;
				CLANG_CXX_LANGUAGE_STANDARD = "gnu++14";
				CLANG_CXX_LIBRARY = "libc++";
				CLANG_ENABLE_MODULES = YES;
				CLANG_ENABLE_OBJC_ARC = YES;
				CLANG_ENABLE_OBJC_WEAK = YES;
				CLANG_WARN_BLOCK_CAPTURE_AUTORELEASING = YES;
				CLANG_WARN_BOOL_CONVERSION = YES;
				CLANG_WARN_COMMA = YES;
				CLANG_WARN_CONSTANT_CONVERSION = YES;
				CLANG_WARN_DEPRECATED_OBJC_IMPLEMENTATIONS = YES;
				CLANG_WARN_DIRECT_OBJC_ISA_USAGE = YES_ERROR;
				CLANG_WARN_DOCUMENTATION_COMMENTS = YES;
				CLANG_WARN_EMPTY_BODY = YES;
				CLANG_WARN_ENUM_CONVERSION = YES;
				CLANG_WARN_INFINITE_RECURSION = YES;
				CLANG_WARN_INT_CONVERSION = YES;
				CLANG_WARN_NON_LITERAL_NULL_CONVERSION = YES;
				CLANG_WARN_OBJC_IMPLICIT_RETAIN_SELF = YES;
				CLANG_WARN_OBJC_LITERAL_CONVERSION = YES;
				CLANG_WARN_OBJC_ROOT_CLASS = YES_ERROR;
				CLANG_WARN_QUOTED_INCLUDE_IN_FRAMEWORK_HEADER = YES;
				CLANG_WARN_RANGE_LOOP_ANALYSIS = YES;
				CLANG_WARN_STRICT_PROTOTYPES = YES;
				CLANG_WARN_SUSPICIOUS_MOVE = YES;
				CLANG_WARN_UNGUARDED_AVAILABILITY = YES_AGGRESSIVE;
				CLANG_WARN_UNREACHABLE_CODE = YES;
				CLANG_WARN__DUPLICATE_METHOD_MATCH = YES;
				COPY_PHASE_STRIP = NO;
				DEBUG_INFORMATION_FORMAT = dwarf;
				ENABLE_STRICT_OBJC_MSGSEND = YES;
				ENABLE_TESTABILITY = YES;
				GCC_C_LANGUAGE_STANDARD = gnu11;
				GCC_DYNAMIC_NO_PIC = NO;
				GCC_NO_COMMON_BLOCKS = YES;
				GCC_OPTIMIZATION_LEVEL = 0;
				GCC_PREPROCESSOR_DEFINITIONS = (
					"DEBUG=1",
					"$(inherited)",
				);
				GCC_WARN_64_TO_32_BIT_CONVERSION = YES;
				GCC_WARN_ABOUT_RETURN_TYPE = YES_ERROR;
				GCC_WARN_UNDECLARED_SELECTOR = YES;
				GCC_WARN_UNINITIALIZED_AUTOS = YES_AGGRESSIVE;
				GCC_WARN_UNUSED_FUNCTION = YES;
				GCC_WARN_UNUSED_VARIABLE = YES;
				IPHONEOS_DEPLOYMENT_TARGET = 14.5;
				MTL_ENABLE_DEBUG_INFO = INCLUDE_SOURCE;
				MTL_FAST_MATH = YES;
				ONLY_ACTIVE_ARCH = YES;
				SDKROOT = iphoneos;
				SWIFT_ACTIVE_COMPILATION_CONDITIONS = DEBUG;
				SWIFT_OPTIMIZATION_LEVEL = "-Onone";
			};
			name = Debug;
		};
		F14079412658EE1900BB3F8F /* Release */ = {
			isa = XCBuildConfiguration;
			buildSettings = {
				ALWAYS_SEARCH_USER_PATHS = NO;
				CLANG_ANALYZER_NONNULL = YES;
				CLANG_ANALYZER_NUMBER_OBJECT_CONVERSION = YES_AGGRESSIVE;
				CLANG_CXX_LANGUAGE_STANDARD = "gnu++14";
				CLANG_CXX_LIBRARY = "libc++";
				CLANG_ENABLE_MODULES = YES;
				CLANG_ENABLE_OBJC_ARC = YES;
				CLANG_ENABLE_OBJC_WEAK = YES;
				CLANG_WARN_BLOCK_CAPTURE_AUTORELEASING = YES;
				CLANG_WARN_BOOL_CONVERSION = YES;
				CLANG_WARN_COMMA = YES;
				CLANG_WARN_CONSTANT_CONVERSION = YES;
				CLANG_WARN_DEPRECATED_OBJC_IMPLEMENTATIONS = YES;
				CLANG_WARN_DIRECT_OBJC_ISA_USAGE = YES_ERROR;
				CLANG_WARN_DOCUMENTATION_COMMENTS = YES;
				CLANG_WARN_EMPTY_BODY = YES;
				CLANG_WARN_ENUM_CONVERSION = YES;
				CLANG_WARN_INFINITE_RECURSION = YES;
				CLANG_WARN_INT_CONVERSION = YES;
				CLANG_WARN_NON_LITERAL_NULL_CONVERSION = YES;
				CLANG_WARN_OBJC_IMPLICIT_RETAIN_SELF = YES;
				CLANG_WARN_OBJC_LITERAL_CONVERSION = YES;
				CLANG_WARN_OBJC_ROOT_CLASS = YES_ERROR;
				CLANG_WARN_QUOTED_INCLUDE_IN_FRAMEWORK_HEADER = YES;
				CLANG_WARN_RANGE_LOOP_ANALYSIS = YES;
				CLANG_WARN_STRICT_PROTOTYPES = YES;
				CLANG_WARN_SUSPICIOUS_MOVE = YES;
				CLANG_WARN_UNGUARDED_AVAILABILITY = YES_AGGRESSIVE;
				CLANG_WARN_UNREACHABLE_CODE = YES;
				CLANG_WARN__DUPLICATE_METHOD_MATCH = YES;
				COPY_PHASE_STRIP = NO;
				DEBUG_INFORMATION_FORMAT = "dwarf-with-dsym";
				ENABLE_NS_ASSERTIONS = NO;
				ENABLE_STRICT_OBJC_MSGSEND = YES;
				GCC_C_LANGUAGE_STANDARD = gnu11;
				GCC_NO_COMMON_BLOCKS = YES;
				GCC_WARN_64_TO_32_BIT_CONVERSION = YES;
				GCC_WARN_ABOUT_RETURN_TYPE = YES_ERROR;
				GCC_WARN_UNDECLARED_SELECTOR = YES;
				GCC_WARN_UNINITIALIZED_AUTOS = YES_AGGRESSIVE;
				GCC_WARN_UNUSED_FUNCTION = YES;
				GCC_WARN_UNUSED_VARIABLE = YES;
				IPHONEOS_DEPLOYMENT_TARGET = 14.5;
				MTL_ENABLE_DEBUG_INFO = NO;
				MTL_FAST_MATH = YES;
				SDKROOT = iphoneos;
				SWIFT_COMPILATION_MODE = wholemodule;
				SWIFT_OPTIMIZATION_LEVEL = "-O";
				VALIDATE_PRODUCT = YES;
			};
			name = Release;
		};
		F14079432658EE1900BB3F8F /* Debug */ = {
			isa = XCBuildConfiguration;
			buildSettings = {
				ASSETCATALOG_COMPILER_APPICON_NAME = AppIcon;
				ASSETCATALOG_COMPILER_GLOBAL_ACCENT_COLOR_NAME = AccentColor;
				CODE_SIGN_STYLE = Automatic;
				DEVELOPMENT_ASSET_PATHS = "\"Klich/Preview Content\"";
				DEVELOPMENT_TEAM = W9K99K5JN4;
				ENABLE_PREVIEWS = YES;
				INFOPLIST_FILE = Klich/Info.plist;
				IPHONEOS_DEPLOYMENT_TARGET = 14.1;
				LD_RUNPATH_SEARCH_PATHS = (
					"$(inherited)",
					"@executable_path/Frameworks",
				);
				PRODUCT_BUNDLE_IDENTIFIER = com.romanesin.Klich;
				PRODUCT_NAME = "$(TARGET_NAME)";
				SWIFT_VERSION = 5.0;
				TARGETED_DEVICE_FAMILY = "1,2";
			};
			name = Debug;
		};
		F14079442658EE1900BB3F8F /* Release */ = {
			isa = XCBuildConfiguration;
			buildSettings = {
				ASSETCATALOG_COMPILER_APPICON_NAME = AppIcon;
				ASSETCATALOG_COMPILER_GLOBAL_ACCENT_COLOR_NAME = AccentColor;
				CODE_SIGN_STYLE = Automatic;
				DEVELOPMENT_ASSET_PATHS = "\"Klich/Preview Content\"";
				DEVELOPMENT_TEAM = W9K99K5JN4;
				ENABLE_PREVIEWS = YES;
				INFOPLIST_FILE = Klich/Info.plist;
				IPHONEOS_DEPLOYMENT_TARGET = 14.1;
				LD_RUNPATH_SEARCH_PATHS = (
					"$(inherited)",
					"@executable_path/Frameworks",
				);
				PRODUCT_BUNDLE_IDENTIFIER = com.romanesin.Klich;
				PRODUCT_NAME = "$(TARGET_NAME)";
				SWIFT_VERSION = 5.0;
				TARGETED_DEVICE_FAMILY = "1,2";
			};
			name = Release;
		};
/* End XCBuildConfiguration section */

/* Begin XCConfigurationList section */
		F14079292658EE1800BB3F8F /* Build configuration list for PBXProject "Klich" */ = {
			isa = XCConfigurationList;
			buildConfigurations = (
				F14079402658EE1900BB3F8F /* Debug */,
				F14079412658EE1900BB3F8F /* Release */,
			);
			defaultConfigurationIsVisible = 0;
			defaultConfigurationName = Release;
		};
		F14079422658EE1900BB3F8F /* Build configuration list for PBXNativeTarget "Klich" */ = {
			isa = XCConfigurationList;
			buildConfigurations = (
				F14079432658EE1900BB3F8F /* Debug */,
				F14079442658EE1900BB3F8F /* Release */,
			);
			defaultConfigurationIsVisible = 0;
			defaultConfigurationName = Release;
		};
/* End XCConfigurationList section */
	};
	rootObject = F14079262658EE1800BB3F8F /* Project object */;
}
